
Microsoft Visual Studio Solution File, Format Version 12.00
# Visual Studio Version 16
VisualStudioVersion = 16.0.28803.156
MinimumVisualStudioVersion = 10.0.40219.1
Project("{8BC9CEB8-8B4A-11D0-8D11-00A0C91BC942}") = "Voxel", "Voxel.vcxproj", "{DBE355C5-3662-4383-B2C8-EFACBD396480}"
EndProject
Global
	GlobalSection(SolutionConfigurationPlatforms) = preSolution
		Debug|x86 = Debug|x86
		Release|x86 = Release|x86
	EndGlobalSection
	GlobalSection(ProjectConfigurationPlatforms) = postSolution
		{DBE355C5-3662-4383-B2C8-EFACBD396480}.Debug|x86.ActiveCfg = Debug|Win32
		{DBE355C5-3662-4383-B2C8-EFACBD396480}.Debug|x86.Build.0 = Debug|Win32
		{DBE355C5-3662-4383-B2C8-EFACBD396480}.Release|x86.ActiveCfg = Release|Win32
		{DBE355C5-3662-4383-B2C8-EFACBD396480}.Release|x86.Build.0 = Release|Win32
	EndGlobalSection
	GlobalSection(SolutionProperties) = preSolution
		HideSolutionNode = FALSE
	EndGlobalSection
	GlobalSection(ExtensibilityGlobals) = postSolution
		SolutionGuid = {4B35FFC8-48B9-49D0-A246-F339C6521921}
	EndGlobalSection
EndGlobal
